
Microsoft Visual Studio Solution File, Format Version 12.00
# Visual Studio Version 17
VisualStudioVersion = 17.3.32825.248
MinimumVisualStudioVersion = 10.0.40219.1
Project("{FAE04EC0-301F-11D3-BF4B-00C04F79EFBC}") = "BuildTaskVersionControl", "BuildTaskVersionControl\BuildTaskVersionControl.csproj", "{AB89D24B-E5F4-F7D8-871D-5B26A8E3CD55}"
EndProject
Project("{FAE04EC0-301F-11D3-BF4B-00C04F79EFBC}") = "BuildTaskVersionControlTests", "BuildTaskVersionControlTests\BuildTaskVersionControlTests.csproj", "{B9807959-7ACB-41FB-8C6B-0FCB39B36B0D}"
EndProject
Project("{FAE04EC0-301F-11D3-BF4B-00C04F79EFBC}") = "DummyProject", "DummyProject\DummyProject.csproj", "{2559D56A-DB14-4BC2-A0FE-DDF3ED1F0A68}"
EndProject
Global
	GlobalSection(SolutionConfigurationPlatforms) = preSolution
		Debug|Any CPU = Debug|Any CPU
		Release|Any CPU = Release|Any CPU
	EndGlobalSection
	GlobalSection(ProjectConfigurationPlatforms) = postSolution
		{AB89D24B-E5F4-F7D8-871D-5B26A8E3CD55}.Debug|Any CPU.ActiveCfg = Debug|Any CPU
		{AB89D24B-E5F4-F7D8-871D-5B26A8E3CD55}.Debug|Any CPU.Build.0 = Debug|Any CPU
		{AB89D24B-E5F4-F7D8-871D-5B26A8E3CD55}.Release|Any CPU.ActiveCfg = Release|Any CPU
		{AB89D24B-E5F4-F7D8-871D-5B26A8E3CD55}.Release|Any CPU.Build.0 = Release|Any CPU
		{B9807959-7ACB-41FB-8C6B-0FCB39B36B0D}.Debug|Any CPU.ActiveCfg = Debug|Any CPU
		{B9807959-7ACB-41FB-8C6B-0FCB39B36B0D}.Debug|Any CPU.Build.0 = Debug|Any CPU
		{B9807959-7ACB-41FB-8C6B-0FCB39B36B0D}.Release|Any CPU.ActiveCfg = Release|Any CPU
		{B9807959-7ACB-41FB-8C6B-0FCB39B36B0D}.Release|Any CPU.Build.0 = Release|Any CPU
		{2559D56A-DB14-4BC2-A0FE-DDF3ED1F0A68}.Debug|Any CPU.ActiveCfg = Debug|Any CPU
		{2559D56A-DB14-4BC2-A0FE-DDF3ED1F0A68}.Debug|Any CPU.Build.0 = Debug|Any CPU
		{2559D56A-DB14-4BC2-A0FE-DDF3ED1F0A68}.Release|Any CPU.ActiveCfg = Release|Any CPU
		{2559D56A-DB14-4BC2-A0FE-DDF3ED1F0A68}.Release|Any CPU.Build.0 = Release|Any CPU
	EndGlobalSection
	GlobalSection(SolutionProperties) = preSolution
		HideSolutionNode = FALSE
	EndGlobalSection
	GlobalSection(ExtensibilityGlobals) = postSolution
		SolutionGuid = {2B6657E4-509F-4D7C-B560-2B70E91523F2}
	EndGlobalSection
EndGlobal
